
Microsoft Visual Studio Solution File, Format Version 12.00
# Visual Studio Version 16
VisualStudioVersion = 16.0.28729.10
MinimumVisualStudioVersion = 10.0.40219.1
Project("{FAE04EC0-301F-11D3-BF4B-00C04F79EFBC}") = "Solid_Principles", "Solid_Principles.csproj", "{76C6F70B-EBA9-49E8-9737-A05E04E142ED}"
EndProject
Project("{FAE04EC0-301F-11D3-BF4B-00C04F79EFBC}") = "RecursiveGenericBuilderPattern", "..\DesignPatterns\RecursiveGenericBuilderPattern.csproj", "{0B676826-8B56-4171-9920-E7040F461BFA}"
EndProject
Project("{2150E333-8FDC-42A3-9474-1A3956D46DE8}") = "01-CreationalPattern", "01-CreationalPattern", "{78607465-EC6A-40C6-A3AB-4BF6D08A9A3D}"
EndProject
Project("{FAE04EC0-301F-11D3-BF4B-00C04F79EFBC}") = "FacadeBuilderPattern", "..\FacadeBuilderPattern\FacadeBuilderPattern.csproj", "{4BC449FE-7605-49D8-8731-71C06F583FAB}"
EndProject
Project("{2150E333-8FDC-42A3-9474-1A3956D46DE8}") = "BuilderPatterns", "BuilderPatterns", "{836B4388-C3CF-4563-BF0E-D3ACF700EFEA}"
EndProject
Project("{2150E333-8FDC-42A3-9474-1A3956D46DE8}") = "Factories", "Factories", "{C2766C99-7390-4607-A24E-A2B2AEA29A0D}"
EndProject
Project("{FAE04EC0-301F-11D3-BF4B-00C04F79EFBC}") = "FactoryMethod", "..\FactoryMethod\FactoryMethod.csproj", "{348DA813-329A-4CF8-9184-C4E43E8724A1}"
EndProject
Project("{FAE04EC0-301F-11D3-BF4B-00C04F79EFBC}") = "FactoryPattern", "..\FactoryPattern\FactoryPattern.csproj", "{50788FF5-A23B-4345-BF77-A9524826B0CD}"
EndProject
Project("{FAE04EC0-301F-11D3-BF4B-00C04F79EFBC}") = "InnerFactoryPattern", "..\InnerFactoryPattern\InnerFactoryPattern.csproj", "{3EE5837D-85D0-4C62-AC08-525B908CEC93}"
EndProject
Project("{2150E333-8FDC-42A3-9474-1A3956D46DE8}") = "AbstractFactoryPattern", "AbstractFactoryPattern", "{320ACA69-9EC2-46AB-88DE-D787F06C2221}"
EndProject
Project("{FAE04EC0-301F-11D3-BF4B-00C04F79EFBC}") = "AbstractFactoryPattern.Client", "..\AbstractFactoryPatternClient\AbstractFactoryPattern.Client.csproj", "{1C59F8E8-5B86-4F06-BD7D-ECC6A9F9F9E8}"
EndProject
Project("{9A19103F-16F7-4668-BE54-9A1E7A4F7556}") = "AbstractFactoryPattern.HotDrinkFactory.API", "..\AbstractFactoryPattern.HotDrinkFactory\AbstractFactoryPattern.HotDrinkFactory.API.csproj", "{013C0DBE-891D-4130-9647-8F87061BC901}"
EndProject
Project("{2150E333-8FDC-42A3-9474-1A3956D46DE8}") = "PrototypePattern", "PrototypePattern", "{6C413FF4-0AFB-4057-8B16-1F4636E7ECDA}"
	ProjectSection(SolutionItems) = preProject
		Motivation.txt = Motivation.txt
	EndProjectSection
EndProject
Project("{2150E333-8FDC-42A3-9474-1A3956D46DE8}") = "SingletonPattern", "SingletonPattern", "{D91B2DDA-49C6-4BA1-95C6-371CE7F201FC}"
EndProject
Project("{9A19103F-16F7-4668-BE54-9A1E7A4F7556}") = "PrinterAPI", "..\PrinterUtilities\PrinterAPI.csproj", "{8A25160A-25F9-4E36-9664-AFA171AE58D6}"
EndProject
Project("{FAE04EC0-301F-11D3-BF4B-00C04F79EFBC}") = "Printer.Client", "..\ClientOfPrinterUtilitiesAPI\Printer.Client.csproj", "{FEF40C9F-5679-4FB5-B348-65C606DA7F33}"
EndProject
Project("{2150E333-8FDC-42A3-9474-1A3956D46DE8}") = "02-Structural Pattern", "02-Structural Pattern", "{DEB8FD9F-98BC-459F-ADF8-CEF94C251835}"
EndProject
Project("{2150E333-8FDC-42A3-9474-1A3956D46DE8}") = "00-SOLIDPrinciples", "00-SOLIDPrinciples", "{D9F067D2-5866-4650-8EFB-DEADFA02CB18}"
EndProject
Project("{FAE04EC0-301F-11D3-BF4B-00C04F79EFBC}") = "AdapterPattern.Client", "..\AdapterPattern.Client\AdapterPattern.Client.csproj", "{B9744BB3-DD50-47C0-9B2A-6403EF714444}"
EndProject
Project("{2150E333-8FDC-42A3-9474-1A3956D46DE8}") = "AdapterPattern", "AdapterPattern", "{27F8D0EE-60C4-4BD1-A2B5-4F3638052081}"
	ProjectSection(SolutionItems) = preProject
		..\AdapterPattern.Client\adapter.gif = ..\AdapterPattern.Client\adapter.gif
	EndProjectSection
EndProject
Project("{2150E333-8FDC-42A3-9474-1A3956D46DE8}") = "BridgePattern", "BridgePattern", "{6CBAFA3C-0248-43FE-839F-CD048523AEF8}"
EndProject
Project("{FAE04EC0-301F-11D3-BF4B-00C04F79EFBC}") = "BridgePattern.Client", "..\BridgePattern.Client\BridgePattern.Client.csproj", "{77C38DF3-8845-4C0C-A551-D07157EA81D5}"
EndProject
Project("{9A19103F-16F7-4668-BE54-9A1E7A4F7556}") = "EnvironmentMessage.API", "..\EnvironmentMessage.API\EnvironmentMessage.API.csproj", "{44313B3B-C062-47C1-BF21-66584E76E6C5}"
EndProject
Project("{2150E333-8FDC-42A3-9474-1A3956D46DE8}") = "CompositePattern", "CompositePattern", "{CC1B8FC3-8254-4DAA-A442-5819A757FAC9}"
EndProject
Project("{FAE04EC0-301F-11D3-BF4B-00C04F79EFBC}") = "CompositePattern", "..\CompositivePattern\CompositePattern.csproj", "{4B51EC64-6500-4E02-B0E0-CD8A5AE6BD31}"
EndProject
Project("{2150E333-8FDC-42A3-9474-1A3956D46DE8}") = "DecoratorPattern", "DecoratorPattern", "{D29DCA12-C1CC-4CEF-8DC8-B3F4514D69AE}"
EndProject
Project("{2150E333-8FDC-42A3-9474-1A3956D46DE8}") = "CustomStringBuilder", "CustomStringBuilder", "{F90F85EF-AB01-40C7-835D-9A71E8C49A96}"
EndProject
Project("{FAE04EC0-301F-11D3-BF4B-00C04F79EFBC}") = "CustomStringBuilder.Client", "..\CustomStringBuilder.Client\CustomStringBuilder.Client.csproj", "{C7BB7634-27EF-4C47-B039-C323443C88E4}"
EndProject
Project("{9A19103F-16F7-4668-BE54-9A1E7A4F7556}") = "CustomStringBuilder.API", "..\CustomStringBuilder.API\CustomStringBuilder.API.csproj", "{DB0840B2-57BD-4226-9D54-002B09927BC7}"
EndProject
Project("{2150E333-8FDC-42A3-9474-1A3956D46DE8}") = "FlyweightPattern", "FlyweightPattern", "{CB59BAC2-EAAE-4269-810B-5F6CB7EE5952}"
EndProject
Project("{FAE04EC0-301F-11D3-BF4B-00C04F79EFBC}") = "FlyWeightPattern", "..\FlyWeightPattern\FlyWeightPattern.csproj", "{87A943D9-2DB8-4495-A51E-D5F5C3919829}"
EndProject
Project("{2150E333-8FDC-42A3-9474-1A3956D46DE8}") = "ProxyPattern", "ProxyPattern", "{83E001F6-BF4B-4480-B8E1-B1E30A4E3433}"
EndProject
Project("{2150E333-8FDC-42A3-9474-1A3956D46DE8}") = "ProtectionProxy", "ProtectionProxy", "{23A7EAD5-A759-4CFC-B6AA-C52D6F770213}"
EndProject
Project("{FAE04EC0-301F-11D3-BF4B-00C04F79EFBC}") = "ProtectionProxy", "..\ProtectionProxy\ProtectionProxy.csproj", "{74A548A8-30C9-40F5-92CB-384FA6B05707}"
EndProject
Project("{9A19103F-16F7-4668-BE54-9A1E7A4F7556}") = "CarDrivingLibrary.API", "..\CarDrivingLibrary\CarDrivingLibrary.API.csproj", "{76F0A57D-B3E2-456B-907D-406CA7F209C4}"
EndProject
Project("{2150E333-8FDC-42A3-9474-1A3956D46DE8}") = "ChainOfResponsibilityPattern", "ChainOfResponsibilityPattern", "{DCE90302-8A42-414C-91A9-ADB3FA87B998}"
EndProject
Project("{FAE04EC0-301F-11D3-BF4B-00C04F79EFBC}") = "ChainOfResponsiblity", "..\ChainOfResponsiblity\ChainOfResponsiblity.csproj", "{ECFE55BF-9647-45BB-A831-36FC98F224C5}"
EndProject
Project("{2150E333-8FDC-42A3-9474-1A3956D46DE8}") = "CommandPattern", "CommandPattern", "{92729604-6B1E-4454-9C14-9655E9B118A6}"
EndProject
Project("{FAE04EC0-301F-11D3-BF4B-00C04F79EFBC}") = "CommandPattern", "..\CommandPattern\CommandPattern.csproj", "{08BFB95F-83DE-4AEB-B491-7BA06DDC03B2}"
EndProject
Project("{2150E333-8FDC-42A3-9474-1A3956D46DE8}") = "InterpreterPattern", "InterpreterPattern", "{F6F0628C-1018-42E0-801B-FE87EB2BDB3B}"
EndProject
Project("{FAE04EC0-301F-11D3-BF4B-00C04F79EFBC}") = "InterpreterPattern", "..\InterpreterPattern\InterpreterPattern.csproj", "{745D1C10-613A-433C-95FB-F1CA363EFD7E}"
EndProject
Project("{2150E333-8FDC-42A3-9474-1A3956D46DE8}") = "IteratorPattern", "IteratorPattern", "{E14E58A2-C8F8-42BD-BBC4-5E07AAAA880F}"
EndProject
Project("{FAE04EC0-301F-11D3-BF4B-00C04F79EFBC}") = "IteratorPattern", "..\IteratorPattern\IteratorPattern.csproj", "{03B39BC0-2797-4D34-9595-8A728080002E}"
EndProject
Project("{2150E333-8FDC-42A3-9474-1A3956D46DE8}") = "03-BehavioralPattern", "03-BehavioralPattern", "{9DA87358-5A2A-4177-BD79-C568BCC6A635}"
EndProject
Project("{2150E333-8FDC-42A3-9474-1A3956D46DE8}") = "ObserverPattern", "ObserverPattern", "{E29072A8-DA61-4D74-9647-1D22CD3C5E22}"
EndProject
Project("{FAE04EC0-301F-11D3-BF4B-00C04F79EFBC}") = "ObserverPattern", "..\ObserverPattern\ObserverPattern.csproj", "{50CD37E1-CD8C-40D6-A8AB-D72C3315767A}"
EndProject
Project("{FAE04EC0-301F-11D3-BF4B-00C04F79EFBC}") = "WeakEvent", "..\WeakEvent\WeakEvent.csproj", "{5C0B2153-7312-492F-A5D3-35985F0374F2}"
EndProject
Project("{2150E333-8FDC-42A3-9474-1A3956D46DE8}") = "StrategyPattern", "StrategyPattern", "{0DBFED94-B54C-445C-8848-5BA27B8C27C5}"
EndProject
Project("{FAE04EC0-301F-11D3-BF4B-00C04F79EFBC}") = "StrategyPattern", "..\StrategyPattern\StrategyPattern.csproj", "{E91C4924-E357-482B-BB8C-C987150BCD03}"
EndProject
Global
	GlobalSection(SolutionConfigurationPlatforms) = preSolution
		Debug|Any CPU = Debug|Any CPU
		Release|Any CPU = Release|Any CPU
	EndGlobalSection
	GlobalSection(ProjectConfigurationPlatforms) = postSolution
		{76C6F70B-EBA9-49E8-9737-A05E04E142ED}.Debug|Any CPU.ActiveCfg = Debug|Any CPU
		{76C6F70B-EBA9-49E8-9737-A05E04E142ED}.Debug|Any CPU.Build.0 = Debug|Any CPU
		{76C6F70B-EBA9-49E8-9737-A05E04E142ED}.Release|Any CPU.ActiveCfg = Release|Any CPU
		{76C6F70B-EBA9-49E8-9737-A05E04E142ED}.Release|Any CPU.Build.0 = Release|Any CPU
		{0B676826-8B56-4171-9920-E7040F461BFA}.Debug|Any CPU.ActiveCfg = Debug|Any CPU
		{0B676826-8B56-4171-9920-E7040F461BFA}.Debug|Any CPU.Build.0 = Debug|Any CPU
		{0B676826-8B56-4171-9920-E7040F461BFA}.Release|Any CPU.ActiveCfg = Release|Any CPU
		{0B676826-8B56-4171-9920-E7040F461BFA}.Release|Any CPU.Build.0 = Release|Any CPU
		{4BC449FE-7605-49D8-8731-71C06F583FAB}.Debug|Any CPU.ActiveCfg = Debug|Any CPU
		{4BC449FE-7605-49D8-8731-71C06F583FAB}.Debug|Any CPU.Build.0 = Debug|Any CPU
		{4BC449FE-7605-49D8-8731-71C06F583FAB}.Release|Any CPU.ActiveCfg = Release|Any CPU
		{4BC449FE-7605-49D8-8731-71C06F583FAB}.Release|Any CPU.Build.0 = Release|Any CPU
		{348DA813-329A-4CF8-9184-C4E43E8724A1}.Debug|Any CPU.ActiveCfg = Debug|Any CPU
		{348DA813-329A-4CF8-9184-C4E43E8724A1}.Debug|Any CPU.Build.0 = Debug|Any CPU
		{348DA813-329A-4CF8-9184-C4E43E8724A1}.Release|Any CPU.ActiveCfg = Release|Any CPU
		{348DA813-329A-4CF8-9184-C4E43E8724A1}.Release|Any CPU.Build.0 = Release|Any CPU
		{50788FF5-A23B-4345-BF77-A9524826B0CD}.Debug|Any CPU.ActiveCfg = Debug|Any CPU
		{50788FF5-A23B-4345-BF77-A9524826B0CD}.Debug|Any CPU.Build.0 = Debug|Any CPU
		{50788FF5-A23B-4345-BF77-A9524826B0CD}.Release|Any CPU.ActiveCfg = Release|Any CPU
		{50788FF5-A23B-4345-BF77-A9524826B0CD}.Release|Any CPU.Build.0 = Release|Any CPU
		{3EE5837D-85D0-4C62-AC08-525B908CEC93}.Debug|Any CPU.ActiveCfg = Debug|Any CPU
		{3EE5837D-85D0-4C62-AC08-525B908CEC93}.Debug|Any CPU.Build.0 = Debug|Any CPU
		{3EE5837D-85D0-4C62-AC08-525B908CEC93}.Release|Any CPU.ActiveCfg = Release|Any CPU
		{3EE5837D-85D0-4C62-AC08-525B908CEC93}.Release|Any CPU.Build.0 = Release|Any CPU
		{1C59F8E8-5B86-4F06-BD7D-ECC6A9F9F9E8}.Debug|Any CPU.ActiveCfg = Debug|Any CPU
		{1C59F8E8-5B86-4F06-BD7D-ECC6A9F9F9E8}.Debug|Any CPU.Build.0 = Debug|Any CPU
		{1C59F8E8-5B86-4F06-BD7D-ECC6A9F9F9E8}.Release|Any CPU.ActiveCfg = Release|Any CPU
		{1C59F8E8-5B86-4F06-BD7D-ECC6A9F9F9E8}.Release|Any CPU.Build.0 = Release|Any CPU
		{013C0DBE-891D-4130-9647-8F87061BC901}.Debug|Any CPU.ActiveCfg = Debug|Any CPU
		{013C0DBE-891D-4130-9647-8F87061BC901}.Debug|Any CPU.Build.0 = Debug|Any CPU
		{013C0DBE-891D-4130-9647-8F87061BC901}.Release|Any CPU.ActiveCfg = Release|Any CPU
		{013C0DBE-891D-4130-9647-8F87061BC901}.Release|Any CPU.Build.0 = Release|Any CPU
		{8A25160A-25F9-4E36-9664-AFA171AE58D6}.Debug|Any CPU.ActiveCfg = Debug|Any CPU
		{8A25160A-25F9-4E36-9664-AFA171AE58D6}.Debug|Any CPU.Build.0 = Debug|Any CPU
		{8A25160A-25F9-4E36-9664-AFA171AE58D6}.Release|Any CPU.ActiveCfg = Release|Any CPU
		{8A25160A-25F9-4E36-9664-AFA171AE58D6}.Release|Any CPU.Build.0 = Release|Any CPU
		{FEF40C9F-5679-4FB5-B348-65C606DA7F33}.Debug|Any CPU.ActiveCfg = Debug|Any CPU
		{FEF40C9F-5679-4FB5-B348-65C606DA7F33}.Debug|Any CPU.Build.0 = Debug|Any CPU
		{FEF40C9F-5679-4FB5-B348-65C606DA7F33}.Release|Any CPU.ActiveCfg = Release|Any CPU
		{FEF40C9F-5679-4FB5-B348-65C606DA7F33}.Release|Any CPU.Build.0 = Release|Any CPU
		{B9744BB3-DD50-47C0-9B2A-6403EF714444}.Debug|Any CPU.ActiveCfg = Debug|Any CPU
		{B9744BB3-DD50-47C0-9B2A-6403EF714444}.Debug|Any CPU.Build.0 = Debug|Any CPU
		{B9744BB3-DD50-47C0-9B2A-6403EF714444}.Release|Any CPU.ActiveCfg = Release|Any CPU
		{B9744BB3-DD50-47C0-9B2A-6403EF714444}.Release|Any CPU.Build.0 = Release|Any CPU
		{77C38DF3-8845-4C0C-A551-D07157EA81D5}.Debug|Any CPU.ActiveCfg = Debug|Any CPU
		{77C38DF3-8845-4C0C-A551-D07157EA81D5}.Debug|Any CPU.Build.0 = Debug|Any CPU
		{77C38DF3-8845-4C0C-A551-D07157EA81D5}.Release|Any CPU.ActiveCfg = Release|Any CPU
		{77C38DF3-8845-4C0C-A551-D07157EA81D5}.Release|Any CPU.Build.0 = Release|Any CPU
		{44313B3B-C062-47C1-BF21-66584E76E6C5}.Debug|Any CPU.ActiveCfg = Debug|Any CPU
		{44313B3B-C062-47C1-BF21-66584E76E6C5}.Debug|Any CPU.Build.0 = Debug|Any CPU
		{44313B3B-C062-47C1-BF21-66584E76E6C5}.Release|Any CPU.ActiveCfg = Release|Any CPU
		{44313B3B-C062-47C1-BF21-66584E76E6C5}.Release|Any CPU.Build.0 = Release|Any CPU
		{4B51EC64-6500-4E02-B0E0-CD8A5AE6BD31}.Debug|Any CPU.ActiveCfg = Debug|Any CPU
		{4B51EC64-6500-4E02-B0E0-CD8A5AE6BD31}.Debug|Any CPU.Build.0 = Debug|Any CPU
		{4B51EC64-6500-4E02-B0E0-CD8A5AE6BD31}.Release|Any CPU.ActiveCfg = Release|Any CPU
		{4B51EC64-6500-4E02-B0E0-CD8A5AE6BD31}.Release|Any CPU.Build.0 = Release|Any CPU
		{C7BB7634-27EF-4C47-B039-C323443C88E4}.Debug|Any CPU.ActiveCfg = Debug|Any CPU
		{C7BB7634-27EF-4C47-B039-C323443C88E4}.Debug|Any CPU.Build.0 = Debug|Any CPU
		{C7BB7634-27EF-4C47-B039-C323443C88E4}.Release|Any CPU.ActiveCfg = Release|Any CPU
		{C7BB7634-27EF-4C47-B039-C323443C88E4}.Release|Any CPU.Build.0 = Release|Any CPU
		{DB0840B2-57BD-4226-9D54-002B09927BC7}.Debug|Any CPU.ActiveCfg = Debug|Any CPU
		{DB0840B2-57BD-4226-9D54-002B09927BC7}.Debug|Any CPU.Build.0 = Debug|Any CPU
		{DB0840B2-57BD-4226-9D54-002B09927BC7}.Release|Any CPU.ActiveCfg = Release|Any CPU
		{DB0840B2-57BD-4226-9D54-002B09927BC7}.Release|Any CPU.Build.0 = Release|Any CPU
		{87A943D9-2DB8-4495-A51E-D5F5C3919829}.Debug|Any CPU.ActiveCfg = Debug|Any CPU
		{87A943D9-2DB8-4495-A51E-D5F5C3919829}.Debug|Any CPU.Build.0 = Debug|Any CPU
		{87A943D9-2DB8-4495-A51E-D5F5C3919829}.Release|Any CPU.ActiveCfg = Release|Any CPU
		{87A943D9-2DB8-4495-A51E-D5F5C3919829}.Release|Any CPU.Build.0 = Release|Any CPU
		{74A548A8-30C9-40F5-92CB-384FA6B05707}.Debug|Any CPU.ActiveCfg = Debug|Any CPU
		{74A548A8-30C9-40F5-92CB-384FA6B05707}.Debug|Any CPU.Build.0 = Debug|Any CPU
		{74A548A8-30C9-40F5-92CB-384FA6B05707}.Release|Any CPU.ActiveCfg = Release|Any CPU
		{74A548A8-30C9-40F5-92CB-384FA6B05707}.Release|Any CPU.Build.0 = Release|Any CPU
		{76F0A57D-B3E2-456B-907D-406CA7F209C4}.Debug|Any CPU.ActiveCfg = Debug|Any CPU
		{76F0A57D-B3E2-456B-907D-406CA7F209C4}.Debug|Any CPU.Build.0 = Debug|Any CPU
		{76F0A57D-B3E2-456B-907D-406CA7F209C4}.Release|Any CPU.ActiveCfg = Release|Any CPU
		{76F0A57D-B3E2-456B-907D-406CA7F209C4}.Release|Any CPU.Build.0 = Release|Any CPU
		{ECFE55BF-9647-45BB-A831-36FC98F224C5}.Debug|Any CPU.ActiveCfg = Debug|Any CPU
		{ECFE55BF-9647-45BB-A831-36FC98F224C5}.Debug|Any CPU.Build.0 = Debug|Any CPU
		{ECFE55BF-9647-45BB-A831-36FC98F224C5}.Release|Any CPU.ActiveCfg = Release|Any CPU
		{ECFE55BF-9647-45BB-A831-36FC98F224C5}.Release|Any CPU.Build.0 = Release|Any CPU
		{08BFB95F-83DE-4AEB-B491-7BA06DDC03B2}.Debug|Any CPU.ActiveCfg = Debug|Any CPU
		{08BFB95F-83DE-4AEB-B491-7BA06DDC03B2}.Debug|Any CPU.Build.0 = Debug|Any CPU
		{08BFB95F-83DE-4AEB-B491-7BA06DDC03B2}.Release|Any CPU.ActiveCfg = Release|Any CPU
		{08BFB95F-83DE-4AEB-B491-7BA06DDC03B2}.Release|Any CPU.Build.0 = Release|Any CPU
		{745D1C10-613A-433C-95FB-F1CA363EFD7E}.Debug|Any CPU.ActiveCfg = Debug|Any CPU
		{745D1C10-613A-433C-95FB-F1CA363EFD7E}.Debug|Any CPU.Build.0 = Debug|Any CPU
		{745D1C10-613A-433C-95FB-F1CA363EFD7E}.Release|Any CPU.ActiveCfg = Release|Any CPU
		{745D1C10-613A-433C-95FB-F1CA363EFD7E}.Release|Any CPU.Build.0 = Release|Any CPU
		{03B39BC0-2797-4D34-9595-8A728080002E}.Debug|Any CPU.ActiveCfg = Debug|Any CPU
		{03B39BC0-2797-4D34-9595-8A728080002E}.Debug|Any CPU.Build.0 = Debug|Any CPU
		{03B39BC0-2797-4D34-9595-8A728080002E}.Release|Any CPU.ActiveCfg = Release|Any CPU
		{03B39BC0-2797-4D34-9595-8A728080002E}.Release|Any CPU.Build.0 = Release|Any CPU
		{50CD37E1-CD8C-40D6-A8AB-D72C3315767A}.Debug|Any CPU.ActiveCfg = Debug|Any CPU
		{50CD37E1-CD8C-40D6-A8AB-D72C3315767A}.Debug|Any CPU.Build.0 = Debug|Any CPU
		{50CD37E1-CD8C-40D6-A8AB-D72C3315767A}.Release|Any CPU.ActiveCfg = Release|Any CPU
		{50CD37E1-CD8C-40D6-A8AB-D72C3315767A}.Release|Any CPU.Build.0 = Release|Any CPU
		{5C0B2153-7312-492F-A5D3-35985F0374F2}.Debug|Any CPU.ActiveCfg = Debug|Any CPU
		{5C0B2153-7312-492F-A5D3-35985F0374F2}.Debug|Any CPU.Build.0 = Debug|Any CPU
		{5C0B2153-7312-492F-A5D3-35985F0374F2}.Release|Any CPU.ActiveCfg = Release|Any CPU
		{5C0B2153-7312-492F-A5D3-35985F0374F2}.Release|Any CPU.Build.0 = Release|Any CPU
		{E91C4924-E357-482B-BB8C-C987150BCD03}.Debug|Any CPU.ActiveCfg = Debug|Any CPU
		{E91C4924-E357-482B-BB8C-C987150BCD03}.Debug|Any CPU.Build.0 = Debug|Any CPU
		{E91C4924-E357-482B-BB8C-C987150BCD03}.Release|Any CPU.ActiveCfg = Release|Any CPU
		{E91C4924-E357-482B-BB8C-C987150BCD03}.Release|Any CPU.Build.0 = Release|Any CPU
	EndGlobalSection
	GlobalSection(SolutionProperties) = preSolution
		HideSolutionNode = FALSE
	EndGlobalSection
	GlobalSection(NestedProjects) = preSolution
		{76C6F70B-EBA9-49E8-9737-A05E04E142ED} = {D9F067D2-5866-4650-8EFB-DEADFA02CB18}
		{0B676826-8B56-4171-9920-E7040F461BFA} = {836B4388-C3CF-4563-BF0E-D3ACF700EFEA}
		{4BC449FE-7605-49D8-8731-71C06F583FAB} = {836B4388-C3CF-4563-BF0E-D3ACF700EFEA}
		{836B4388-C3CF-4563-BF0E-D3ACF700EFEA} = {78607465-EC6A-40C6-A3AB-4BF6D08A9A3D}
		{C2766C99-7390-4607-A24E-A2B2AEA29A0D} = {78607465-EC6A-40C6-A3AB-4BF6D08A9A3D}
		{348DA813-329A-4CF8-9184-C4E43E8724A1} = {C2766C99-7390-4607-A24E-A2B2AEA29A0D}
		{50788FF5-A23B-4345-BF77-A9524826B0CD} = {C2766C99-7390-4607-A24E-A2B2AEA29A0D}
		{3EE5837D-85D0-4C62-AC08-525B908CEC93} = {C2766C99-7390-4607-A24E-A2B2AEA29A0D}
		{320ACA69-9EC2-46AB-88DE-D787F06C2221} = {C2766C99-7390-4607-A24E-A2B2AEA29A0D}
		{1C59F8E8-5B86-4F06-BD7D-ECC6A9F9F9E8} = {320ACA69-9EC2-46AB-88DE-D787F06C2221}
		{013C0DBE-891D-4130-9647-8F87061BC901} = {320ACA69-9EC2-46AB-88DE-D787F06C2221}
		{6C413FF4-0AFB-4057-8B16-1F4636E7ECDA} = {78607465-EC6A-40C6-A3AB-4BF6D08A9A3D}
		{D91B2DDA-49C6-4BA1-95C6-371CE7F201FC} = {78607465-EC6A-40C6-A3AB-4BF6D08A9A3D}
		{8A25160A-25F9-4E36-9664-AFA171AE58D6} = {D91B2DDA-49C6-4BA1-95C6-371CE7F201FC}
		{FEF40C9F-5679-4FB5-B348-65C606DA7F33} = {D91B2DDA-49C6-4BA1-95C6-371CE7F201FC}
		{B9744BB3-DD50-47C0-9B2A-6403EF714444} = {27F8D0EE-60C4-4BD1-A2B5-4F3638052081}
		{27F8D0EE-60C4-4BD1-A2B5-4F3638052081} = {DEB8FD9F-98BC-459F-ADF8-CEF94C251835}
		{6CBAFA3C-0248-43FE-839F-CD048523AEF8} = {DEB8FD9F-98BC-459F-ADF8-CEF94C251835}
		{77C38DF3-8845-4C0C-A551-D07157EA81D5} = {6CBAFA3C-0248-43FE-839F-CD048523AEF8}
		{44313B3B-C062-47C1-BF21-66584E76E6C5} = {6CBAFA3C-0248-43FE-839F-CD048523AEF8}
		{CC1B8FC3-8254-4DAA-A442-5819A757FAC9} = {9DA87358-5A2A-4177-BD79-C568BCC6A635}
		{4B51EC64-6500-4E02-B0E0-CD8A5AE6BD31} = {CC1B8FC3-8254-4DAA-A442-5819A757FAC9}
		{D29DCA12-C1CC-4CEF-8DC8-B3F4514D69AE} = {9DA87358-5A2A-4177-BD79-C568BCC6A635}
		{F90F85EF-AB01-40C7-835D-9A71E8C49A96} = {D29DCA12-C1CC-4CEF-8DC8-B3F4514D69AE}
		{C7BB7634-27EF-4C47-B039-C323443C88E4} = {F90F85EF-AB01-40C7-835D-9A71E8C49A96}
		{DB0840B2-57BD-4226-9D54-002B09927BC7} = {F90F85EF-AB01-40C7-835D-9A71E8C49A96}
		{CB59BAC2-EAAE-4269-810B-5F6CB7EE5952} = {9DA87358-5A2A-4177-BD79-C568BCC6A635}
		{87A943D9-2DB8-4495-A51E-D5F5C3919829} = {CB59BAC2-EAAE-4269-810B-5F6CB7EE5952}
		{83E001F6-BF4B-4480-B8E1-B1E30A4E3433} = {DEB8FD9F-98BC-459F-ADF8-CEF94C251835}
		{23A7EAD5-A759-4CFC-B6AA-C52D6F770213} = {83E001F6-BF4B-4480-B8E1-B1E30A4E3433}
		{74A548A8-30C9-40F5-92CB-384FA6B05707} = {23A7EAD5-A759-4CFC-B6AA-C52D6F770213}
		{76F0A57D-B3E2-456B-907D-406CA7F209C4} = {23A7EAD5-A759-4CFC-B6AA-C52D6F770213}
		{DCE90302-8A42-414C-91A9-ADB3FA87B998} = {9DA87358-5A2A-4177-BD79-C568BCC6A635}
		{ECFE55BF-9647-45BB-A831-36FC98F224C5} = {DCE90302-8A42-414C-91A9-ADB3FA87B998}
		{92729604-6B1E-4454-9C14-9655E9B118A6} = {9DA87358-5A2A-4177-BD79-C568BCC6A635}
		{08BFB95F-83DE-4AEB-B491-7BA06DDC03B2} = {92729604-6B1E-4454-9C14-9655E9B118A6}
		{F6F0628C-1018-42E0-801B-FE87EB2BDB3B} = {9DA87358-5A2A-4177-BD79-C568BCC6A635}
		{745D1C10-613A-433C-95FB-F1CA363EFD7E} = {F6F0628C-1018-42E0-801B-FE87EB2BDB3B}
		{E14E58A2-C8F8-42BD-BBC4-5E07AAAA880F} = {9DA87358-5A2A-4177-BD79-C568BCC6A635}
		{03B39BC0-2797-4D34-9595-8A728080002E} = {E14E58A2-C8F8-42BD-BBC4-5E07AAAA880F}
		{E29072A8-DA61-4D74-9647-1D22CD3C5E22} = {9DA87358-5A2A-4177-BD79-C568BCC6A635}
		{50CD37E1-CD8C-40D6-A8AB-D72C3315767A} = {E29072A8-DA61-4D74-9647-1D22CD3C5E22}
		{5C0B2153-7312-492F-A5D3-35985F0374F2} = {E29072A8-DA61-4D74-9647-1D22CD3C5E22}
		{0DBFED94-B54C-445C-8848-5BA27B8C27C5} = {9DA87358-5A2A-4177-BD79-C568BCC6A635}
		{E91C4924-E357-482B-BB8C-C987150BCD03} = {0DBFED94-B54C-445C-8848-5BA27B8C27C5}
	EndGlobalSection
	GlobalSection(ExtensibilityGlobals) = postSolution
		SolutionGuid = {FA558D9B-ABE3-4110-89AB-B366F4585BFE}
	EndGlobalSection
EndGlobal
